
Microsoft Visual Studio Solution File, Format Version 12.00
# Visual Studio 15
VisualStudioVersion = 15.0.28307.329
MinimumVisualStudioVersion = 10.0.40219.1
Project("{9A19103F-16F7-4668-BE54-9A1E7A4F7556}") = "Adas", "Adas\Adas.csproj", "{2E1D8960-28D5-426B-A256-F89287789518}"
EndProject
Project("{FAE04EC0-301F-11D3-BF4B-00C04F79EFBC}") = "Adas.Tests", "Adas.Tests\Adas.Tests.csproj", "{2BB41914-F0A5-49E2-834E-0E2C346930DC}"
EndProject
Global
	GlobalSection(SolutionConfigurationPlatforms) = preSolution
		Debug|Any CPU = Debug|Any CPU
		Release|Any CPU = Release|Any CPU
	EndGlobalSection
	GlobalSection(ProjectConfigurationPlatforms) = postSolution
		{2E1D8960-28D5-426B-A256-F89287789518}.Debug|Any CPU.ActiveCfg = Debug|Any CPU
		{2E1D8960-28D5-426B-A256-F89287789518}.Debug|Any CPU.Build.0 = Debug|Any CPU
		{2E1D8960-28D5-426B-A256-F89287789518}.Release|Any CPU.ActiveCfg = Release|Any CPU
		{2E1D8960-28D5-426B-A256-F89287789518}.Release|Any CPU.Build.0 = Release|Any CPU
		{2BB41914-F0A5-49E2-834E-0E2C346930DC}.Debug|Any CPU.ActiveCfg = Debug|Any CPU
		{2BB41914-F0A5-49E2-834E-0E2C346930DC}.Debug|Any CPU.Build.0 = Debug|Any CPU
		{2BB41914-F0A5-49E2-834E-0E2C346930DC}.Release|Any CPU.ActiveCfg = Release|Any CPU
		{2BB41914-F0A5-49E2-834E-0E2C346930DC}.Release|Any CPU.Build.0 = Release|Any CPU
	EndGlobalSection
	GlobalSection(SolutionProperties) = preSolution
		HideSolutionNode = FALSE
	EndGlobalSection
	GlobalSection(ExtensibilityGlobals) = postSolution
		SolutionGuid = {EE206140-2192-4BAA-A5B7-57E15D638479}
	EndGlobalSection
EndGlobal
